
Microsoft Visual Studio Solution File, Format Version 12.00
# Visual Studio 14
VisualStudioVersion = 14.0.24720.0
MinimumVisualStudioVersion = 10.0.40219.1
Project("{FAE04EC0-301F-11D3-BF4B-00C04F79EFBC}") = "ConsoleApplication1", "ConsoleApplication1\ConsoleApplication1.csproj", "{FCC91B8A-1592-4D8E-82D0-13143B2553A8}"
EndProject
Global
	GlobalSection(SolutionConfigurationPlatforms) = preSolution
		Debug|Any CPU = Debug|Any CPU
		Release|Any CPU = Release|Any CPU
	EndGlobalSection
	GlobalSection(ProjectConfigurationPlatforms) = postSolution
		{FCC91B8A-1592-4D8E-82D0-13143B2553A8}.Debug|Any CPU.ActiveCfg = Debug|Any CPU
		{FCC91B8A-1592-4D8E-82D0-13143B2553A8}.Debug|Any CPU.Build.0 = Debug|Any CPU
		{FCC91B8A-1592-4D8E-82D0-13143B2553A8}.Release|Any CPU.ActiveCfg = Release|Any CPU
		{FCC91B8A-1592-4D8E-82D0-13143B2553A8}.Release|Any CPU.Build.0 = Release|Any CPU
	EndGlobalSection
	GlobalSection(SolutionProperties) = preSolution
		HideSolutionNode = FALSE
	EndGlobalSection
EndGlobal
